
Microsoft Visual Studio Solution File, Format Version 12.00
# Visual Studio Version 17
VisualStudioVersion = 17.14.36518.9 d17.14
MinimumVisualStudioVersion = 10.0.40219.1
Project("{8BC9CEB8-8B4A-11D0-8D11-00A0C91BC942}") = "test 2025 11 16 C语言鹏哥指针4", "test 2025 11 16 C语言鹏哥指针4.vcxproj", "{4A2E20D2-B9AD-4A5F-9F9E-DE4EF25D2875}"
EndProject
Global
	GlobalSection(SolutionConfigurationPlatforms) = preSolution
		Debug|x64 = Debug|x64
		Debug|x86 = Debug|x86
		Release|x64 = Release|x64
		Release|x86 = Release|x86
	EndGlobalSection
	GlobalSection(ProjectConfigurationPlatforms) = postSolution
		{4A2E20D2-B9AD-4A5F-9F9E-DE4EF25D2875}.Debug|x64.ActiveCfg = Debug|x64
		{4A2E20D2-B9AD-4A5F-9F9E-DE4EF25D2875}.Debug|x64.Build.0 = Debug|x64
		{4A2E20D2-B9AD-4A5F-9F9E-DE4EF25D2875}.Debug|x86.ActiveCfg = Debug|Win32
		{4A2E20D2-B9AD-4A5F-9F9E-DE4EF25D2875}.Debug|x86.Build.0 = Debug|Win32
		{4A2E20D2-B9AD-4A5F-9F9E-DE4EF25D2875}.Release|x64.ActiveCfg = Release|x64
		{4A2E20D2-B9AD-4A5F-9F9E-DE4EF25D2875}.Release|x64.Build.0 = Release|x64
		{4A2E20D2-B9AD-4A5F-9F9E-DE4EF25D2875}.Release|x86.ActiveCfg = Release|Win32
		{4A2E20D2-B9AD-4A5F-9F9E-DE4EF25D2875}.Release|x86.Build.0 = Release|Win32
	EndGlobalSection
	GlobalSection(SolutionProperties) = preSolution
		HideSolutionNode = FALSE
	EndGlobalSection
	GlobalSection(ExtensibilityGlobals) = postSolution
		SolutionGuid = {506F3C22-525E-4DA7-A65D-16146CD1A0C5}
	EndGlobalSection
EndGlobal
