
Microsoft Visual Studio Solution File, Format Version 12.00
# Visual Studio Version 17
VisualStudioVersion = 17.14.36518.9 d17.14
MinimumVisualStudioVersion = 10.0.40219.1
Project("{8BC9CEB8-8B4A-11D0-8D11-00A0C91BC942}") = "test 2025 11 29C语言鹏哥联合体", "test 2025 11 29C语言鹏哥联合体.vcxproj", "{6B5A9FF5-A9C2-4FBA-A232-08FF54A02F11}"
EndProject
Global
	GlobalSection(SolutionConfigurationPlatforms) = preSolution
		Debug|x64 = Debug|x64
		Debug|x86 = Debug|x86
		Release|x64 = Release|x64
		Release|x86 = Release|x86
	EndGlobalSection
	GlobalSection(ProjectConfigurationPlatforms) = postSolution
		{6B5A9FF5-A9C2-4FBA-A232-08FF54A02F11}.Debug|x64.ActiveCfg = Debug|x64
		{6B5A9FF5-A9C2-4FBA-A232-08FF54A02F11}.Debug|x64.Build.0 = Debug|x64
		{6B5A9FF5-A9C2-4FBA-A232-08FF54A02F11}.Debug|x86.ActiveCfg = Debug|Win32
		{6B5A9FF5-A9C2-4FBA-A232-08FF54A02F11}.Debug|x86.Build.0 = Debug|Win32
		{6B5A9FF5-A9C2-4FBA-A232-08FF54A02F11}.Release|x64.ActiveCfg = Release|x64
		{6B5A9FF5-A9C2-4FBA-A232-08FF54A02F11}.Release|x64.Build.0 = Release|x64
		{6B5A9FF5-A9C2-4FBA-A232-08FF54A02F11}.Release|x86.ActiveCfg = Release|Win32
		{6B5A9FF5-A9C2-4FBA-A232-08FF54A02F11}.Release|x86.Build.0 = Release|Win32
	EndGlobalSection
	GlobalSection(SolutionProperties) = preSolution
		HideSolutionNode = FALSE
	EndGlobalSection
	GlobalSection(ExtensibilityGlobals) = postSolution
		SolutionGuid = {9398486D-E973-46FD-95AC-D7AD7F82597D}
	EndGlobalSection
EndGlobal
